
Microsoft Visual Studio Solution File, Format Version 12.00
# Visual Studio Version 16
VisualStudioVersion = 16.0.31424.327
MinimumVisualStudioVersion = 10.0.40219.1
Project("{9A19103F-16F7-4668-BE54-9A1E7A4F7556}") = "Chess.Mock", "Chess.Mock.csproj", "{6327798D-E2F6-46C9-A564-D2B62DD10DB8}"
EndProject
Project("{9A19103F-16F7-4668-BE54-9A1E7A4F7556}") = "Chess.ClassLibrary", "..\Chess.ClassLibrary\Chess.ClassLibrary.csproj", "{71F6F096-2226-441A-816B-066A0C68B14B}"
EndProject
Project("{9A19103F-16F7-4668-BE54-9A1E7A4F7556}") = "Chess.Test", "..\Chess.Test\Chess.Test.csproj", "{7734D245-B12C-4291-8847-5900CC900E59}"
EndProject
Global
	GlobalSection(SolutionConfigurationPlatforms) = preSolution
		Debug|Any CPU = Debug|Any CPU
		Release|Any CPU = Release|Any CPU
	EndGlobalSection
	GlobalSection(ProjectConfigurationPlatforms) = postSolution
		{6327798D-E2F6-46C9-A564-D2B62DD10DB8}.Debug|Any CPU.ActiveCfg = Debug|Any CPU
		{6327798D-E2F6-46C9-A564-D2B62DD10DB8}.Debug|Any CPU.Build.0 = Debug|Any CPU
		{6327798D-E2F6-46C9-A564-D2B62DD10DB8}.Release|Any CPU.ActiveCfg = Release|Any CPU
		{6327798D-E2F6-46C9-A564-D2B62DD10DB8}.Release|Any CPU.Build.0 = Release|Any CPU
		{71F6F096-2226-441A-816B-066A0C68B14B}.Debug|Any CPU.ActiveCfg = Debug|Any CPU
		{71F6F096-2226-441A-816B-066A0C68B14B}.Debug|Any CPU.Build.0 = Debug|Any CPU
		{71F6F096-2226-441A-816B-066A0C68B14B}.Release|Any CPU.ActiveCfg = Release|Any CPU
		{71F6F096-2226-441A-816B-066A0C68B14B}.Release|Any CPU.Build.0 = Release|Any CPU
		{7734D245-B12C-4291-8847-5900CC900E59}.Debug|Any CPU.ActiveCfg = Debug|Any CPU
		{7734D245-B12C-4291-8847-5900CC900E59}.Debug|Any CPU.Build.0 = Debug|Any CPU
		{7734D245-B12C-4291-8847-5900CC900E59}.Release|Any CPU.ActiveCfg = Release|Any CPU
		{7734D245-B12C-4291-8847-5900CC900E59}.Release|Any CPU.Build.0 = Release|Any CPU
	EndGlobalSection
	GlobalSection(SolutionProperties) = preSolution
		HideSolutionNode = FALSE
	EndGlobalSection
	GlobalSection(ExtensibilityGlobals) = postSolution
		SolutionGuid = {27F762E0-A878-4719-B137-E9E95E132CA8}
	EndGlobalSection
EndGlobal
